
Microsoft Visual Studio Solution File, Format Version 12.00
# Visual Studio 15
VisualStudioVersion = 15.0.28010.2046
MinimumVisualStudioVersion = 10.0.40219.1
Project("{FAE04EC0-301F-11D3-BF4B-00C04F79EFBC}") = "NewEnglandReptileBot", "NewEnglandReptileBot\NewEnglandReptileBot.csproj", "{B5738AFD-6220-413E-A98D-3D692D9BBE9A}"
EndProject
Global
	GlobalSection(SolutionConfigurationPlatforms) = preSolution
		Debug|Any CPU = Debug|Any CPU
		Release|Any CPU = Release|Any CPU
	EndGlobalSection
	GlobalSection(ProjectConfigurationPlatforms) = postSolution
		{B5738AFD-6220-413E-A98D-3D692D9BBE9A}.Debug|Any CPU.ActiveCfg = Debug|Any CPU
		{B5738AFD-6220-413E-A98D-3D692D9BBE9A}.Debug|Any CPU.Build.0 = Debug|Any CPU
		{B5738AFD-6220-413E-A98D-3D692D9BBE9A}.Release|Any CPU.ActiveCfg = Release|Any CPU
		{B5738AFD-6220-413E-A98D-3D692D9BBE9A}.Release|Any CPU.Build.0 = Release|Any CPU
	EndGlobalSection
	GlobalSection(SolutionProperties) = preSolution
		HideSolutionNode = FALSE
	EndGlobalSection
	GlobalSection(ExtensibilityGlobals) = postSolution
		SolutionGuid = {48BE7F4D-C120-41ED-A464-2C4A54E77E16}
	EndGlobalSection
EndGlobal
